
Microsoft Visual Studio Solution File, Format Version 12.00
# Visual Studio Version 16
VisualStudioVersion = 16.0.29613.14
MinimumVisualStudioVersion = 10.0.40219.1
Project("{FAE04EC0-301F-11D3-BF4B-00C04F79EFBC}") = "32Events", "32Events\32Events.csproj", "{E220AC24-00FF-45DD-A0AB-644E922680E1}"
EndProject
Project("{FAE04EC0-301F-11D3-BF4B-00C04F79EFBC}") = "FileRelatedParts", "FileRelatedParts\FileRelatedParts.csproj", "{7608C876-73D0-49A3-89C2-01CBED624206}"
EndProject
Project("{FAE04EC0-301F-11D3-BF4B-00C04F79EFBC}") = "ArraysAndStrings", "ArraysAndStrings\ArraysAndStrings.csproj", "{57BC449F-5B45-4DE8-BBF8-E3BB5EA8049E}"
EndProject
Project("{FAE04EC0-301F-11D3-BF4B-00C04F79EFBC}") = "AllKindsOfStuff", "AllKindsOfStuff\AllKindsOfStuff.csproj", "{CC051FB1-7BDF-41BB-9C55-53D2B0304B48}"
EndProject
Project("{FAE04EC0-301F-11D3-BF4B-00C04F79EFBC}") = "Project1EmailSender", "Project1EmailSender\Project1EmailSender.csproj", "{6AF8A0C0-5FB8-4871-AC2E-F012213F42A8}"
EndProject
Project("{FAE04EC0-301F-11D3-BF4B-00C04F79EFBC}") = "Drawing", "Drawing\Drawing.csproj", "{C72A9DAC-7F0B-412D-9858-6C7B5F840A1A}"
EndProject
Project("{FAE04EC0-301F-11D3-BF4B-00C04F79EFBC}") = "ProjectPaint", "ProjectPaint\ProjectPaint.csproj", "{8D209317-3DE7-446A-8AEB-5C41525B8007}"
EndProject
Project("{FAE04EC0-301F-11D3-BF4B-00C04F79EFBC}") = "MakingOfControls", "MakingOfControls\MakingOfControls.csproj", "{E287D5B9-C572-4A64-B7C7-C235F54885F5}"
EndProject
Project("{FAE04EC0-301F-11D3-BF4B-00C04F79EFBC}") = "Part141Making a DLL - dll", "Part141Making a DLL\Part141Making a DLL - dll.csproj", "{8ACE2A73-604B-48C5-B8DE-03244BB416C0}"
EndProject
Project("{FAE04EC0-301F-11D3-BF4B-00C04F79EFBC}") = "Part141Making a DLL - It uses the dll", "Part141Making a DLL - It uses the dll\Part141Making a DLL - It uses the dll.csproj", "{4982F493-20FC-46A6-91A3-792704B27F7C}"
EndProject
Global
	GlobalSection(SolutionConfigurationPlatforms) = preSolution
		Debug|Any CPU = Debug|Any CPU
		Release|Any CPU = Release|Any CPU
	EndGlobalSection
	GlobalSection(ProjectConfigurationPlatforms) = postSolution
		{E220AC24-00FF-45DD-A0AB-644E922680E1}.Debug|Any CPU.ActiveCfg = Debug|Any CPU
		{E220AC24-00FF-45DD-A0AB-644E922680E1}.Debug|Any CPU.Build.0 = Debug|Any CPU
		{E220AC24-00FF-45DD-A0AB-644E922680E1}.Release|Any CPU.ActiveCfg = Release|Any CPU
		{E220AC24-00FF-45DD-A0AB-644E922680E1}.Release|Any CPU.Build.0 = Release|Any CPU
		{7608C876-73D0-49A3-89C2-01CBED624206}.Debug|Any CPU.ActiveCfg = Debug|Any CPU
		{7608C876-73D0-49A3-89C2-01CBED624206}.Debug|Any CPU.Build.0 = Debug|Any CPU
		{7608C876-73D0-49A3-89C2-01CBED624206}.Release|Any CPU.ActiveCfg = Release|Any CPU
		{7608C876-73D0-49A3-89C2-01CBED624206}.Release|Any CPU.Build.0 = Release|Any CPU
		{57BC449F-5B45-4DE8-BBF8-E3BB5EA8049E}.Debug|Any CPU.ActiveCfg = Debug|Any CPU
		{57BC449F-5B45-4DE8-BBF8-E3BB5EA8049E}.Debug|Any CPU.Build.0 = Debug|Any CPU
		{57BC449F-5B45-4DE8-BBF8-E3BB5EA8049E}.Release|Any CPU.ActiveCfg = Release|Any CPU
		{57BC449F-5B45-4DE8-BBF8-E3BB5EA8049E}.Release|Any CPU.Build.0 = Release|Any CPU
		{CC051FB1-7BDF-41BB-9C55-53D2B0304B48}.Debug|Any CPU.ActiveCfg = Debug|Any CPU
		{CC051FB1-7BDF-41BB-9C55-53D2B0304B48}.Debug|Any CPU.Build.0 = Debug|Any CPU
		{CC051FB1-7BDF-41BB-9C55-53D2B0304B48}.Release|Any CPU.ActiveCfg = Release|Any CPU
		{CC051FB1-7BDF-41BB-9C55-53D2B0304B48}.Release|Any CPU.Build.0 = Release|Any CPU
		{6AF8A0C0-5FB8-4871-AC2E-F012213F42A8}.Debug|Any CPU.ActiveCfg = Debug|Any CPU
		{6AF8A0C0-5FB8-4871-AC2E-F012213F42A8}.Debug|Any CPU.Build.0 = Debug|Any CPU
		{6AF8A0C0-5FB8-4871-AC2E-F012213F42A8}.Release|Any CPU.ActiveCfg = Release|Any CPU
		{6AF8A0C0-5FB8-4871-AC2E-F012213F42A8}.Release|Any CPU.Build.0 = Release|Any CPU
		{C72A9DAC-7F0B-412D-9858-6C7B5F840A1A}.Debug|Any CPU.ActiveCfg = Debug|Any CPU
		{C72A9DAC-7F0B-412D-9858-6C7B5F840A1A}.Debug|Any CPU.Build.0 = Debug|Any CPU
		{C72A9DAC-7F0B-412D-9858-6C7B5F840A1A}.Release|Any CPU.ActiveCfg = Release|Any CPU
		{C72A9DAC-7F0B-412D-9858-6C7B5F840A1A}.Release|Any CPU.Build.0 = Release|Any CPU
		{8D209317-3DE7-446A-8AEB-5C41525B8007}.Debug|Any CPU.ActiveCfg = Debug|Any CPU
		{8D209317-3DE7-446A-8AEB-5C41525B8007}.Debug|Any CPU.Build.0 = Debug|Any CPU
		{8D209317-3DE7-446A-8AEB-5C41525B8007}.Release|Any CPU.ActiveCfg = Release|Any CPU
		{8D209317-3DE7-446A-8AEB-5C41525B8007}.Release|Any CPU.Build.0 = Release|Any CPU
		{E287D5B9-C572-4A64-B7C7-C235F54885F5}.Debug|Any CPU.ActiveCfg = Debug|Any CPU
		{E287D5B9-C572-4A64-B7C7-C235F54885F5}.Debug|Any CPU.Build.0 = Debug|Any CPU
		{E287D5B9-C572-4A64-B7C7-C235F54885F5}.Release|Any CPU.ActiveCfg = Release|Any CPU
		{E287D5B9-C572-4A64-B7C7-C235F54885F5}.Release|Any CPU.Build.0 = Release|Any CPU
		{8ACE2A73-604B-48C5-B8DE-03244BB416C0}.Debug|Any CPU.ActiveCfg = Debug|Any CPU
		{8ACE2A73-604B-48C5-B8DE-03244BB416C0}.Debug|Any CPU.Build.0 = Debug|Any CPU
		{8ACE2A73-604B-48C5-B8DE-03244BB416C0}.Release|Any CPU.ActiveCfg = Release|Any CPU
		{8ACE2A73-604B-48C5-B8DE-03244BB416C0}.Release|Any CPU.Build.0 = Release|Any CPU
		{4982F493-20FC-46A6-91A3-792704B27F7C}.Debug|Any CPU.ActiveCfg = Debug|Any CPU
		{4982F493-20FC-46A6-91A3-792704B27F7C}.Debug|Any CPU.Build.0 = Debug|Any CPU
		{4982F493-20FC-46A6-91A3-792704B27F7C}.Release|Any CPU.ActiveCfg = Release|Any CPU
		{4982F493-20FC-46A6-91A3-792704B27F7C}.Release|Any CPU.Build.0 = Release|Any CPU
	EndGlobalSection
	GlobalSection(SolutionProperties) = preSolution
		HideSolutionNode = FALSE
	EndGlobalSection
	GlobalSection(ExtensibilityGlobals) = postSolution
		SolutionGuid = {6D3A4811-6B63-4278-9B6B-8DA728D6375F}
	EndGlobalSection
EndGlobal
