
Microsoft Visual Studio Solution File, Format Version 12.00
# Visual Studio Version 16
VisualStudioVersion = 16.0.29613.14
MinimumVisualStudioVersion = 10.0.40219.1
Project("{FAE04EC0-301F-11D3-BF4B-00C04F79EFBC}") = "32Events", "32Events\32Events.csproj", "{E220AC24-00FF-45DD-A0AB-644E922680E1}"
EndProject
Project("{FAE04EC0-301F-11D3-BF4B-00C04F79EFBC}") = "FileRelatedParts", "FileRelatedParts\FileRelatedParts.csproj", "{7608C876-73D0-49A3-89C2-01CBED624206}"
EndProject
Project("{FAE04EC0-301F-11D3-BF4B-00C04F79EFBC}") = "ArraysAndStrings", "ArraysAndStrings\ArraysAndStrings.csproj", "{57BC449F-5B45-4DE8-BBF8-E3BB5EA8049E}"
EndProject
Global
	GlobalSection(SolutionConfigurationPlatforms) = preSolution
		Debug|Any CPU = Debug|Any CPU
		Release|Any CPU = Release|Any CPU
	EndGlobalSection
	GlobalSection(ProjectConfigurationPlatforms) = postSolution
		{E220AC24-00FF-45DD-A0AB-644E922680E1}.Debug|Any CPU.ActiveCfg = Debug|Any CPU
		{E220AC24-00FF-45DD-A0AB-644E922680E1}.Debug|Any CPU.Build.0 = Debug|Any CPU
		{E220AC24-00FF-45DD-A0AB-644E922680E1}.Release|Any CPU.ActiveCfg = Release|Any CPU
		{E220AC24-00FF-45DD-A0AB-644E922680E1}.Release|Any CPU.Build.0 = Release|Any CPU
		{7608C876-73D0-49A3-89C2-01CBED624206}.Debug|Any CPU.ActiveCfg = Debug|Any CPU
		{7608C876-73D0-49A3-89C2-01CBED624206}.Debug|Any CPU.Build.0 = Debug|Any CPU
		{7608C876-73D0-49A3-89C2-01CBED624206}.Release|Any CPU.ActiveCfg = Release|Any CPU
		{7608C876-73D0-49A3-89C2-01CBED624206}.Release|Any CPU.Build.0 = Release|Any CPU
		{57BC449F-5B45-4DE8-BBF8-E3BB5EA8049E}.Debug|Any CPU.ActiveCfg = Debug|Any CPU
		{57BC449F-5B45-4DE8-BBF8-E3BB5EA8049E}.Debug|Any CPU.Build.0 = Debug|Any CPU
		{57BC449F-5B45-4DE8-BBF8-E3BB5EA8049E}.Release|Any CPU.ActiveCfg = Release|Any CPU
		{57BC449F-5B45-4DE8-BBF8-E3BB5EA8049E}.Release|Any CPU.Build.0 = Release|Any CPU
	EndGlobalSection
	GlobalSection(SolutionProperties) = preSolution
		HideSolutionNode = FALSE
	EndGlobalSection
	GlobalSection(ExtensibilityGlobals) = postSolution
		SolutionGuid = {6D3A4811-6B63-4278-9B6B-8DA728D6375F}
	EndGlobalSection
EndGlobal
